
Microsoft Visual Studio Solution File, Format Version 12.00
# Visual Studio 15
VisualStudioVersion = 15.0.28010.2041
MinimumVisualStudioVersion = 10.0.40219.1
Project("{2150E333-8FDC-42A3-9474-1A3956D46DE8}") = "Class Work", "Class Work", "{E94E4746-06AC-457C-8407-642FA4F455D5}"
EndProject
Project("{2150E333-8FDC-42A3-9474-1A3956D46DE8}") = "Lecture 01 - Overview", "Lecture 01 - Overview", "{D9952C27-8904-47C0-84F4-C7BD352C9127}"
EndProject
Project("{FAE04EC0-301F-11D3-BF4B-00C04F79EFBC}") = "HelloWorld", "Class Work\Lecture 01 - Overview\HelloWorld\HelloWorld.csproj", "{BBF476D4-A3F9-4F32-AE67-905F82569E9A}"
EndProject
Project("{2150E333-8FDC-42A3-9474-1A3956D46DE8}") = "Lecture 02 - Types", "Lecture 02 - Types", "{BCE6007F-AB01-49DE-95E8-C95211A3A144}"
EndProject
Project("{2150E333-8FDC-42A3-9474-1A3956D46DE8}") = "Lecture 03 - Strings", "Lecture 03 - Strings", "{ED7313DF-CF57-4F29-B7E9-5A35BD008660}"
EndProject
Project("{FAE04EC0-301F-11D3-BF4B-00C04F79EFBC}") = "StringCreation", "Class Work\Lecture 03 - Strings\StringCreation\StringCreation.csproj", "{17F326AA-0123-4F28-8DDC-C7EC7DC4F0B0}"
EndProject
Project("{2150E333-8FDC-42A3-9474-1A3956D46DE8}") = "Lecture 04 - Conditional Statements and Loops", "Lecture 04 - Conditional Statements and Loops", "{F2509525-3234-4073-B1F1-1799ABE7EA9D}"
EndProject
Project("{FAE04EC0-301F-11D3-BF4B-00C04F79EFBC}") = "Cycles", "Class Work\Lecture 04 - Conditional Statements and Loops\Cycles\Cycles.csproj", "{F3F4920C-8013-46E9-806D-531537FB66FB}"
EndProject
Project("{2150E333-8FDC-42A3-9474-1A3956D46DE8}") = "Lecture 05 - Collections", "Lecture 05 - Collections", "{2E1AC336-F064-4686-820F-8438D37B61C1}"
EndProject
Project("{FAE04EC0-301F-11D3-BF4B-00C04F79EFBC}") = "Arrays", "Class Work\Lecture 05 - Collections\Arrays\Arrays.csproj", "{62271BC5-CF58-4888-A228-B2C794844A24}"
EndProject
Project("{FAE04EC0-301F-11D3-BF4B-00C04F79EFBC}") = "StructSample", "Class Work\Lecture 05 - Collections\StructSample\StructSample.csproj", "{58E768E5-0AC2-45A0-8F70-163043D78B33}"
EndProject
Project("{2150E333-8FDC-42A3-9474-1A3956D46DE8}") = "Lecture 06 - Chess POC (Part 1)", "Lecture 06 - Chess POC (Part 1)", "{0F774998-0D3F-4611-B406-4A7B4AA839DE}"
EndProject
Project("{FAE04EC0-301F-11D3-BF4B-00C04F79EFBC}") = "ChessPOC-WorkInClass", "Class Work\Lecture 06 - Chess POC (Part 1)\ChessPOC\ChessPOC-WorkInClass.csproj", "{B8EC7D9C-B4E2-415C-899B-C968340204D9}"
EndProject
Project("{2150E333-8FDC-42A3-9474-1A3956D46DE8}") = "Lecture 07 - Chess POC (Part 2)", "Lecture 07 - Chess POC (Part 2)", "{9FAB8497-6D7E-4885-B50A-DF866F77325F}"
EndProject
Project("{FAE04EC0-301F-11D3-BF4B-00C04F79EFBC}") = "ChessPOC-WorkInClass-Part2", "Class Work\Lecture 07 - Chess POC (Part 2)\ChessPOC-WorkInClass-Part2\ChessPOC-WorkInClass-Part2.csproj", "{609E0623-B663-4BCC-83F7-B90A65920CB9}"
EndProject
Project("{2150E333-8FDC-42A3-9474-1A3956D46DE8}") = "Lecture 08 - Classes and Objects", "Lecture 08 - Classes and Objects", "{03E8492E-F7A5-41A0-A2CF-92D72E36046E}"
EndProject
Project("{FAE04EC0-301F-11D3-BF4B-00C04F79EFBC}") = "ClassesAndObjects", "Class Work\Lecture 08 - Classes and Objects\Classes\ClassesAndObjects.csproj", "{41A042F4-E24F-4175-A315-71A3248D84B8}"
EndProject
Project("{2150E333-8FDC-42A3-9474-1A3956D46DE8}") = "Home Work", "Home Work", "{F1345AAA-00AB-4BFE-ABBC-E9605FCB082F}"
EndProject
Project("{2150E333-8FDC-42A3-9474-1A3956D46DE8}") = "Home Work 01", "Home Work 01", "{DEFA191D-1499-404C-A0A8-5A37D813B157}"
EndProject
Project("{2150E333-8FDC-42A3-9474-1A3956D46DE8}") = "Home Work 02", "Home Work 02", "{4BAB70DD-368A-4390-8594-7E287B1E473B}"
EndProject
Project("{2150E333-8FDC-42A3-9474-1A3956D46DE8}") = "Home Work 03", "Home Work 03", "{33A021B4-08B6-49BB-B319-CE953E143DE4}"
EndProject
Project("{2150E333-8FDC-42A3-9474-1A3956D46DE8}") = "Home Work 04", "Home Work 04", "{9CA0086C-D0D5-473D-8D48-DCDCE8FD17EC}"
EndProject
Project("{FAE04EC0-301F-11D3-BF4B-00C04F79EFBC}") = "CSharp-HomeWork-01", "Home Work\Home Work 01\CSharp-HomeWork-01\CSharp-HomeWork-01.csproj", "{A0545EC4-6C93-4DAD-9785-9CD6B7B5A8D8}"
EndProject
Project("{FAE04EC0-301F-11D3-BF4B-00C04F79EFBC}") = "CSharp-HomeWork-02 v1", "Home Work\Home Work 02\CSharp-HomeWork-02\CSharp-HomeWork-02 v1.csproj", "{C92A8812-8616-4717-B61A-A6C3F0F5FF0C}"
EndProject
Project("{FAE04EC0-301F-11D3-BF4B-00C04F79EFBC}") = "CSharp-HomeWork-02 v2", "Home Work\Home Work 02\CSharp-HomeWork-02 v2\CSharp-HomeWork-02 v2.csproj", "{FA1EDB62-584F-4B22-A079-11A75131E934}"
EndProject
Project("{FAE04EC0-301F-11D3-BF4B-00C04F79EFBC}") = "CSharp-ChessHomeWork", "Home Work\Home Work 03\Chess\CSharp-ChessHomeWork.csproj", "{E8E7CD3E-57E8-4E24-ABCD-BC6DC28B2EED}"
EndProject
Project("{FAE04EC0-301F-11D3-BF4B-00C04F79EFBC}") = "HomeWorkObjects", "Home Work\Home Work 04\HomeWorkObjects\HomeWorkObjects.csproj", "{F2C6D1CB-1D17-4152-9B0F-E69832A88956}"
EndProject
Project("{2150E333-8FDC-42A3-9474-1A3956D46DE8}") = "Lecture 09 - Classes and Objects Examples", "Lecture 09 - Classes and Objects Examples", "{77C0667F-DCE8-4488-96C2-F968B22A8423}"
EndProject
Project("{FAE04EC0-301F-11D3-BF4B-00C04F79EFBC}") = "Task1", "Home Work\Home Work 04\Task1\Task1.csproj", "{75EA162D-D21B-4364-86E7-C67A0DBD913C}"
EndProject
Project("{FAE04EC0-301F-11D3-BF4B-00C04F79EFBC}") = "Task2", "Home Work\Home Work 04\Task2\Task2.csproj", "{4E89AA5E-65F1-4D6C-848C-630FAED6C68E}"
EndProject
Project("{2150E333-8FDC-42A3-9474-1A3956D46DE8}") = "Lecture 10 - Inheritance and Interfaces", "Lecture 10 - Inheritance and Interfaces", "{51C853E4-D2B8-45ED-BEE4-93B91AE56CD0}"
EndProject
Project("{2150E333-8FDC-42A3-9474-1A3956D46DE8}") = "Lecture 11 - Polymorphism", "Lecture 11 - Polymorphism", "{F7251778-B61B-46F6-8967-A7D640F329A8}"
EndProject
Project("{2150E333-8FDC-42A3-9474-1A3956D46DE8}") = "Home Work 05", "Home Work 05", "{7FAD3816-698D-4BF5-AC5C-E488C4A9E371}"
EndProject
Project("{2150E333-8FDC-42A3-9474-1A3956D46DE8}") = "Lecture 12 - Exceptions", "Lecture 12 - Exceptions", "{191D7A0F-2F20-4EA6-9E73-1B3BB6146194}"
EndProject
Project("{FAE04EC0-301F-11D3-BF4B-00C04F79EFBC}") = "TicTacToe", "Class Work\Lecture 09 - Classes and Objects Examples\TicTacToe\TicTacToe.csproj", "{7426B905-23D4-4A2B-8EC8-2EF171816947}"
EndProject
Project("{FAE04EC0-301F-11D3-BF4B-00C04F79EFBC}") = "Task1", "Class Work\Lecture 09 - Classes and Objects Examples\Task1\Task1.csproj", "{47778021-8443-40C7-B07F-524AF00D9167}"
EndProject
Project("{FAE04EC0-301F-11D3-BF4B-00C04F79EFBC}") = "Task2", "Class Work\Lecture 09 - Classes and Objects Examples\Task2\Task2.csproj", "{AF9DD03E-3440-4180-B310-E1D7FD5F67B5}"
EndProject
Project("{FAE04EC0-301F-11D3-BF4B-00C04F79EFBC}") = "NamespacesAndReferences", "Class Work\Lecture 10 - Inheritance and Interfaces\NamespacesAndReferences\NamespacesAndReferences.csproj", "{3AC20402-A269-4C31-B9E7-CC6D4CED01BF}"
EndProject
Project("{FAE04EC0-301F-11D3-BF4B-00C04F79EFBC}") = "StaticExamples", "Class Work\Lecture 10 - Inheritance and Interfaces\StaticExamples\StaticExamples.csproj", "{DF8EA248-9406-4803-A8E1-C32E66DF25CD}"
EndProject
Project("{FAE04EC0-301F-11D3-BF4B-00C04F79EFBC}") = "Abstract", "Class Work\Lecture 11 - Polymorphism\Abstract\Abstract.csproj", "{3852B1A0-61E2-45F7-A55F-5BEF00D5291C}"
EndProject
Project("{FAE04EC0-301F-11D3-BF4B-00C04F79EFBC}") = "Inheritance", "Class Work\Lecture 11 - Polymorphism\Inheritance\Inheritance.csproj", "{C2D83EFB-DA89-420E-8EAC-9547354A05E1}"
EndProject
Project("{FAE04EC0-301F-11D3-BF4B-00C04F79EFBC}") = "Interfaces", "Class Work\Lecture 11 - Polymorphism\Interfaces\Interfaces.csproj", "{3834139B-1EFF-46B1-963C-29BC98AFB7AB}"
EndProject
Project("{FAE04EC0-301F-11D3-BF4B-00C04F79EFBC}") = "Polymorphism", "Class Work\Lecture 11 - Polymorphism\Polymorphism\Polymorphism.csproj", "{0A9F745E-502C-41E0-A0B6-55F3A5EEED6A}"
EndProject
Project("{FAE04EC0-301F-11D3-BF4B-00C04F79EFBC}") = "eWallet", "Home Work\Home Work 05\eWallet\eWallet.csproj", "{42D599D1-2C0B-43FE-B7F3-AD69678F7D16}"
EndProject
Project("{FAE04EC0-301F-11D3-BF4B-00C04F79EFBC}") = "ExceptionDetails", "Class Work\Lecture 12 - Exceptions\ExceptionDetails\ExceptionDetails.csproj", "{5B2A2B36-C9C7-4BE4-A171-D72695C879DF}"
EndProject
Project("{FAE04EC0-301F-11D3-BF4B-00C04F79EFBC}") = "ExceptionHandling", "Class Work\Lecture 12 - Exceptions\ExceptionHandling\ExceptionHandling.csproj", "{6B38DAB1-56F9-4A65-9165-90F3CBAFC3A9}"
EndProject
Project("{FAE04EC0-301F-11D3-BF4B-00C04F79EFBC}") = "ThrowingExceptions", "Class Work\Lecture 12 - Exceptions\ThrowingExceptions\ThrowingExceptions.csproj", "{FCE555DB-8190-4EA9-A450-B4893C0898F2}"
EndProject
Project("{2150E333-8FDC-42A3-9474-1A3956D46DE8}") = "Lecture 13 - Generics and Extension Methods", "Lecture 13 - Generics and Extension Methods", "{F2BA8E1B-9C48-4961-AE7B-583A8667A490}"
EndProject
Project("{2150E333-8FDC-42A3-9474-1A3956D46DE8}") = "Lecture 14 - Delegates and Lambda Expressions", "Lecture 14 - Delegates and Lambda Expressions", "{6877328B-2BEB-43C5-A5C9-02E60F1B192D}"
EndProject
Project("{FAE04EC0-301F-11D3-BF4B-00C04F79EFBC}") = "CarGarage", "Class Work\Lecture 13 - Generics and Extension Methods\CarGarage\CarGarage.csproj", "{73E2B6C8-197C-4058-88A3-E5EBB8414079}"
EndProject
Project("{FAE04EC0-301F-11D3-BF4B-00C04F79EFBC}") = "ExtensionMethods", "Class Work\Lecture 13 - Generics and Extension Methods\ExtensionMethods\ExtensionMethods.csproj", "{03C25C23-39E8-4719-BB1D-FD8A7093FF14}"
EndProject
Project("{FAE04EC0-301F-11D3-BF4B-00C04F79EFBC}") = "Generics", "Class Work\Lecture 13 - Generics and Extension Methods\Generics\Generics.csproj", "{8D9C4FDB-45DD-4243-A158-644E93571EF7}"
EndProject
Project("{FAE04EC0-301F-11D3-BF4B-00C04F79EFBC}") = "Delegates", "Class Work\Lecture 14 - Delegates and Lambda Expressions\Delegates\Delegates.csproj", "{9EB9B552-539C-4A33-B23D-376E7EE1026B}"
EndProject
Project("{FAE04EC0-301F-11D3-BF4B-00C04F79EFBC}") = "DelegatesMore", "Class Work\Lecture 14 - Delegates and Lambda Expressions\DelegatesMore\DelegatesMore.csproj", "{0F83480C-89C6-4BF1-879E-9EF143DA2552}"
EndProject
Project("{FAE04EC0-301F-11D3-BF4B-00C04F79EFBC}") = "LambdaExpressions", "Class Work\Lecture 14 - Delegates and Lambda Expressions\LambdaExpressions\LambdaExpressions.csproj", "{232D183B-5D25-45EA-9B20-9CCF8BDA0124}"
EndProject
Project("{2150E333-8FDC-42A3-9474-1A3956D46DE8}") = "Home Work 06", "Home Work 06", "{8BD3EE50-FCA9-4999-A4A2-AD5FAB5A28DE}"
EndProject
Project("{9A19103F-16F7-4668-BE54-9A1E7A4F7556}") = "MyWalletProject", "Home Work\Home Work 05\MyWalletProject\MyWalletProject.csproj", "{1C16483E-EE57-4937-BF9C-F918FDEB4C13}"
EndProject
Project("{9A19103F-16F7-4668-BE54-9A1E7A4F7556}") = "MyWalletProject02", "Home Work\Home Work 05\MyWalletProject02\MyWalletProject02.csproj", "{11F3C4E5-B561-41E1-AAF9-BE3747E8E5DA}"
EndProject
Project("{FAE04EC0-301F-11D3-BF4B-00C04F79EFBC}") = "Homework5", "Home Work\Home Work 05\Homework5_SMG\Homework5.csproj", "{C7EDA01E-B1A0-4735-8364-7BBD94593A79}"
EndProject
Project("{FAE04EC0-301F-11D3-BF4B-00C04F79EFBC}") = "Wallet.Core", "Home Work\Home Work 05\Wallet.Core\Wallet.Core.csproj", "{B0543122-A510-424E-8CB1-CD27BCBA822A}"
EndProject
Project("{FAE04EC0-301F-11D3-BF4B-00C04F79EFBC}") = "HomeWork06-Generics", "Home Work\Home Work 06\HomeWork06-Generics\HomeWork06-Generics.csproj", "{E3B1A0F2-250A-4649-8E73-5411282A1895}"
EndProject
Project("{FAE04EC0-301F-11D3-BF4B-00C04F79EFBC}") = "HomeWork06-Delegates", "Home Work\Home Work 06\HomeWork06-Delegates\HomeWork06-Delegates.csproj", "{FED077DC-6056-4E92-AD24-3F7173165BFB}"
EndProject
Global
	GlobalSection(SolutionConfigurationPlatforms) = preSolution
		Debug|Any CPU = Debug|Any CPU
		Release|Any CPU = Release|Any CPU
	EndGlobalSection
	GlobalSection(ProjectConfigurationPlatforms) = postSolution
		{BBF476D4-A3F9-4F32-AE67-905F82569E9A}.Debug|Any CPU.ActiveCfg = Debug|Any CPU
		{BBF476D4-A3F9-4F32-AE67-905F82569E9A}.Debug|Any CPU.Build.0 = Debug|Any CPU
		{BBF476D4-A3F9-4F32-AE67-905F82569E9A}.Release|Any CPU.ActiveCfg = Release|Any CPU
		{BBF476D4-A3F9-4F32-AE67-905F82569E9A}.Release|Any CPU.Build.0 = Release|Any CPU
		{17F326AA-0123-4F28-8DDC-C7EC7DC4F0B0}.Debug|Any CPU.ActiveCfg = Debug|Any CPU
		{17F326AA-0123-4F28-8DDC-C7EC7DC4F0B0}.Debug|Any CPU.Build.0 = Debug|Any CPU
		{17F326AA-0123-4F28-8DDC-C7EC7DC4F0B0}.Release|Any CPU.ActiveCfg = Release|Any CPU
		{17F326AA-0123-4F28-8DDC-C7EC7DC4F0B0}.Release|Any CPU.Build.0 = Release|Any CPU
		{F3F4920C-8013-46E9-806D-531537FB66FB}.Debug|Any CPU.ActiveCfg = Debug|Any CPU
		{F3F4920C-8013-46E9-806D-531537FB66FB}.Debug|Any CPU.Build.0 = Debug|Any CPU
		{F3F4920C-8013-46E9-806D-531537FB66FB}.Release|Any CPU.ActiveCfg = Release|Any CPU
		{F3F4920C-8013-46E9-806D-531537FB66FB}.Release|Any CPU.Build.0 = Release|Any CPU
		{62271BC5-CF58-4888-A228-B2C794844A24}.Debug|Any CPU.ActiveCfg = Debug|Any CPU
		{62271BC5-CF58-4888-A228-B2C794844A24}.Debug|Any CPU.Build.0 = Debug|Any CPU
		{62271BC5-CF58-4888-A228-B2C794844A24}.Release|Any CPU.ActiveCfg = Release|Any CPU
		{62271BC5-CF58-4888-A228-B2C794844A24}.Release|Any CPU.Build.0 = Release|Any CPU
		{58E768E5-0AC2-45A0-8F70-163043D78B33}.Debug|Any CPU.ActiveCfg = Debug|Any CPU
		{58E768E5-0AC2-45A0-8F70-163043D78B33}.Debug|Any CPU.Build.0 = Debug|Any CPU
		{58E768E5-0AC2-45A0-8F70-163043D78B33}.Release|Any CPU.ActiveCfg = Release|Any CPU
		{58E768E5-0AC2-45A0-8F70-163043D78B33}.Release|Any CPU.Build.0 = Release|Any CPU
		{B8EC7D9C-B4E2-415C-899B-C968340204D9}.Debug|Any CPU.ActiveCfg = Debug|Any CPU
		{B8EC7D9C-B4E2-415C-899B-C968340204D9}.Debug|Any CPU.Build.0 = Debug|Any CPU
		{B8EC7D9C-B4E2-415C-899B-C968340204D9}.Release|Any CPU.ActiveCfg = Release|Any CPU
		{B8EC7D9C-B4E2-415C-899B-C968340204D9}.Release|Any CPU.Build.0 = Release|Any CPU
		{609E0623-B663-4BCC-83F7-B90A65920CB9}.Debug|Any CPU.ActiveCfg = Debug|Any CPU
		{609E0623-B663-4BCC-83F7-B90A65920CB9}.Debug|Any CPU.Build.0 = Debug|Any CPU
		{609E0623-B663-4BCC-83F7-B90A65920CB9}.Release|Any CPU.ActiveCfg = Release|Any CPU
		{609E0623-B663-4BCC-83F7-B90A65920CB9}.Release|Any CPU.Build.0 = Release|Any CPU
		{41A042F4-E24F-4175-A315-71A3248D84B8}.Debug|Any CPU.ActiveCfg = Debug|Any CPU
		{41A042F4-E24F-4175-A315-71A3248D84B8}.Debug|Any CPU.Build.0 = Debug|Any CPU
		{41A042F4-E24F-4175-A315-71A3248D84B8}.Release|Any CPU.ActiveCfg = Release|Any CPU
		{41A042F4-E24F-4175-A315-71A3248D84B8}.Release|Any CPU.Build.0 = Release|Any CPU
		{A0545EC4-6C93-4DAD-9785-9CD6B7B5A8D8}.Debug|Any CPU.ActiveCfg = Debug|Any CPU
		{A0545EC4-6C93-4DAD-9785-9CD6B7B5A8D8}.Debug|Any CPU.Build.0 = Debug|Any CPU
		{A0545EC4-6C93-4DAD-9785-9CD6B7B5A8D8}.Release|Any CPU.ActiveCfg = Release|Any CPU
		{A0545EC4-6C93-4DAD-9785-9CD6B7B5A8D8}.Release|Any CPU.Build.0 = Release|Any CPU
		{C92A8812-8616-4717-B61A-A6C3F0F5FF0C}.Debug|Any CPU.ActiveCfg = Debug|Any CPU
		{C92A8812-8616-4717-B61A-A6C3F0F5FF0C}.Debug|Any CPU.Build.0 = Debug|Any CPU
		{C92A8812-8616-4717-B61A-A6C3F0F5FF0C}.Release|Any CPU.ActiveCfg = Release|Any CPU
		{C92A8812-8616-4717-B61A-A6C3F0F5FF0C}.Release|Any CPU.Build.0 = Release|Any CPU
		{FA1EDB62-584F-4B22-A079-11A75131E934}.Debug|Any CPU.ActiveCfg = Debug|Any CPU
		{FA1EDB62-584F-4B22-A079-11A75131E934}.Debug|Any CPU.Build.0 = Debug|Any CPU
		{FA1EDB62-584F-4B22-A079-11A75131E934}.Release|Any CPU.ActiveCfg = Release|Any CPU
		{FA1EDB62-584F-4B22-A079-11A75131E934}.Release|Any CPU.Build.0 = Release|Any CPU
		{E8E7CD3E-57E8-4E24-ABCD-BC6DC28B2EED}.Debug|Any CPU.ActiveCfg = Debug|Any CPU
		{E8E7CD3E-57E8-4E24-ABCD-BC6DC28B2EED}.Debug|Any CPU.Build.0 = Debug|Any CPU
		{E8E7CD3E-57E8-4E24-ABCD-BC6DC28B2EED}.Release|Any CPU.ActiveCfg = Release|Any CPU
		{E8E7CD3E-57E8-4E24-ABCD-BC6DC28B2EED}.Release|Any CPU.Build.0 = Release|Any CPU
		{F2C6D1CB-1D17-4152-9B0F-E69832A88956}.Debug|Any CPU.ActiveCfg = Debug|Any CPU
		{F2C6D1CB-1D17-4152-9B0F-E69832A88956}.Debug|Any CPU.Build.0 = Debug|Any CPU
		{F2C6D1CB-1D17-4152-9B0F-E69832A88956}.Release|Any CPU.ActiveCfg = Release|Any CPU
		{F2C6D1CB-1D17-4152-9B0F-E69832A88956}.Release|Any CPU.Build.0 = Release|Any CPU
		{75EA162D-D21B-4364-86E7-C67A0DBD913C}.Debug|Any CPU.ActiveCfg = Debug|Any CPU
		{75EA162D-D21B-4364-86E7-C67A0DBD913C}.Debug|Any CPU.Build.0 = Debug|Any CPU
		{75EA162D-D21B-4364-86E7-C67A0DBD913C}.Release|Any CPU.ActiveCfg = Release|Any CPU
		{75EA162D-D21B-4364-86E7-C67A0DBD913C}.Release|Any CPU.Build.0 = Release|Any CPU
		{4E89AA5E-65F1-4D6C-848C-630FAED6C68E}.Debug|Any CPU.ActiveCfg = Debug|Any CPU
		{4E89AA5E-65F1-4D6C-848C-630FAED6C68E}.Debug|Any CPU.Build.0 = Debug|Any CPU
		{4E89AA5E-65F1-4D6C-848C-630FAED6C68E}.Release|Any CPU.ActiveCfg = Release|Any CPU
		{4E89AA5E-65F1-4D6C-848C-630FAED6C68E}.Release|Any CPU.Build.0 = Release|Any CPU
		{7426B905-23D4-4A2B-8EC8-2EF171816947}.Debug|Any CPU.ActiveCfg = Debug|Any CPU
		{7426B905-23D4-4A2B-8EC8-2EF171816947}.Debug|Any CPU.Build.0 = Debug|Any CPU
		{7426B905-23D4-4A2B-8EC8-2EF171816947}.Release|Any CPU.ActiveCfg = Release|Any CPU
		{7426B905-23D4-4A2B-8EC8-2EF171816947}.Release|Any CPU.Build.0 = Release|Any CPU
		{47778021-8443-40C7-B07F-524AF00D9167}.Debug|Any CPU.ActiveCfg = Debug|Any CPU
		{47778021-8443-40C7-B07F-524AF00D9167}.Debug|Any CPU.Build.0 = Debug|Any CPU
		{47778021-8443-40C7-B07F-524AF00D9167}.Release|Any CPU.ActiveCfg = Release|Any CPU
		{47778021-8443-40C7-B07F-524AF00D9167}.Release|Any CPU.Build.0 = Release|Any CPU
		{AF9DD03E-3440-4180-B310-E1D7FD5F67B5}.Debug|Any CPU.ActiveCfg = Debug|Any CPU
		{AF9DD03E-3440-4180-B310-E1D7FD5F67B5}.Debug|Any CPU.Build.0 = Debug|Any CPU
		{AF9DD03E-3440-4180-B310-E1D7FD5F67B5}.Release|Any CPU.ActiveCfg = Release|Any CPU
		{AF9DD03E-3440-4180-B310-E1D7FD5F67B5}.Release|Any CPU.Build.0 = Release|Any CPU
		{3AC20402-A269-4C31-B9E7-CC6D4CED01BF}.Debug|Any CPU.ActiveCfg = Debug|Any CPU
		{3AC20402-A269-4C31-B9E7-CC6D4CED01BF}.Debug|Any CPU.Build.0 = Debug|Any CPU
		{3AC20402-A269-4C31-B9E7-CC6D4CED01BF}.Release|Any CPU.ActiveCfg = Release|Any CPU
		{3AC20402-A269-4C31-B9E7-CC6D4CED01BF}.Release|Any CPU.Build.0 = Release|Any CPU
		{DF8EA248-9406-4803-A8E1-C32E66DF25CD}.Debug|Any CPU.ActiveCfg = Debug|Any CPU
		{DF8EA248-9406-4803-A8E1-C32E66DF25CD}.Debug|Any CPU.Build.0 = Debug|Any CPU
		{DF8EA248-9406-4803-A8E1-C32E66DF25CD}.Release|Any CPU.ActiveCfg = Release|Any CPU
		{DF8EA248-9406-4803-A8E1-C32E66DF25CD}.Release|Any CPU.Build.0 = Release|Any CPU
		{3852B1A0-61E2-45F7-A55F-5BEF00D5291C}.Debug|Any CPU.ActiveCfg = Debug|Any CPU
		{3852B1A0-61E2-45F7-A55F-5BEF00D5291C}.Debug|Any CPU.Build.0 = Debug|Any CPU
		{3852B1A0-61E2-45F7-A55F-5BEF00D5291C}.Release|Any CPU.ActiveCfg = Release|Any CPU
		{3852B1A0-61E2-45F7-A55F-5BEF00D5291C}.Release|Any CPU.Build.0 = Release|Any CPU
		{C2D83EFB-DA89-420E-8EAC-9547354A05E1}.Debug|Any CPU.ActiveCfg = Debug|Any CPU
		{C2D83EFB-DA89-420E-8EAC-9547354A05E1}.Debug|Any CPU.Build.0 = Debug|Any CPU
		{C2D83EFB-DA89-420E-8EAC-9547354A05E1}.Release|Any CPU.ActiveCfg = Release|Any CPU
		{C2D83EFB-DA89-420E-8EAC-9547354A05E1}.Release|Any CPU.Build.0 = Release|Any CPU
		{3834139B-1EFF-46B1-963C-29BC98AFB7AB}.Debug|Any CPU.ActiveCfg = Debug|Any CPU
		{3834139B-1EFF-46B1-963C-29BC98AFB7AB}.Debug|Any CPU.Build.0 = Debug|Any CPU
		{3834139B-1EFF-46B1-963C-29BC98AFB7AB}.Release|Any CPU.ActiveCfg = Release|Any CPU
		{3834139B-1EFF-46B1-963C-29BC98AFB7AB}.Release|Any CPU.Build.0 = Release|Any CPU
		{0A9F745E-502C-41E0-A0B6-55F3A5EEED6A}.Debug|Any CPU.ActiveCfg = Debug|Any CPU
		{0A9F745E-502C-41E0-A0B6-55F3A5EEED6A}.Debug|Any CPU.Build.0 = Debug|Any CPU
		{0A9F745E-502C-41E0-A0B6-55F3A5EEED6A}.Release|Any CPU.ActiveCfg = Release|Any CPU
		{0A9F745E-502C-41E0-A0B6-55F3A5EEED6A}.Release|Any CPU.Build.0 = Release|Any CPU
		{42D599D1-2C0B-43FE-B7F3-AD69678F7D16}.Debug|Any CPU.ActiveCfg = Debug|Any CPU
		{42D599D1-2C0B-43FE-B7F3-AD69678F7D16}.Debug|Any CPU.Build.0 = Debug|Any CPU
		{42D599D1-2C0B-43FE-B7F3-AD69678F7D16}.Release|Any CPU.ActiveCfg = Release|Any CPU
		{42D599D1-2C0B-43FE-B7F3-AD69678F7D16}.Release|Any CPU.Build.0 = Release|Any CPU
		{5B2A2B36-C9C7-4BE4-A171-D72695C879DF}.Debug|Any CPU.ActiveCfg = Debug|Any CPU
		{5B2A2B36-C9C7-4BE4-A171-D72695C879DF}.Debug|Any CPU.Build.0 = Debug|Any CPU
		{5B2A2B36-C9C7-4BE4-A171-D72695C879DF}.Release|Any CPU.ActiveCfg = Release|Any CPU
		{5B2A2B36-C9C7-4BE4-A171-D72695C879DF}.Release|Any CPU.Build.0 = Release|Any CPU
		{6B38DAB1-56F9-4A65-9165-90F3CBAFC3A9}.Debug|Any CPU.ActiveCfg = Debug|Any CPU
		{6B38DAB1-56F9-4A65-9165-90F3CBAFC3A9}.Debug|Any CPU.Build.0 = Debug|Any CPU
		{6B38DAB1-56F9-4A65-9165-90F3CBAFC3A9}.Release|Any CPU.ActiveCfg = Release|Any CPU
		{6B38DAB1-56F9-4A65-9165-90F3CBAFC3A9}.Release|Any CPU.Build.0 = Release|Any CPU
		{FCE555DB-8190-4EA9-A450-B4893C0898F2}.Debug|Any CPU.ActiveCfg = Debug|Any CPU
		{FCE555DB-8190-4EA9-A450-B4893C0898F2}.Debug|Any CPU.Build.0 = Debug|Any CPU
		{FCE555DB-8190-4EA9-A450-B4893C0898F2}.Release|Any CPU.ActiveCfg = Release|Any CPU
		{FCE555DB-8190-4EA9-A450-B4893C0898F2}.Release|Any CPU.Build.0 = Release|Any CPU
		{73E2B6C8-197C-4058-88A3-E5EBB8414079}.Debug|Any CPU.ActiveCfg = Debug|Any CPU
		{73E2B6C8-197C-4058-88A3-E5EBB8414079}.Debug|Any CPU.Build.0 = Debug|Any CPU
		{73E2B6C8-197C-4058-88A3-E5EBB8414079}.Release|Any CPU.ActiveCfg = Release|Any CPU
		{73E2B6C8-197C-4058-88A3-E5EBB8414079}.Release|Any CPU.Build.0 = Release|Any CPU
		{03C25C23-39E8-4719-BB1D-FD8A7093FF14}.Debug|Any CPU.ActiveCfg = Debug|Any CPU
		{03C25C23-39E8-4719-BB1D-FD8A7093FF14}.Debug|Any CPU.Build.0 = Debug|Any CPU
		{03C25C23-39E8-4719-BB1D-FD8A7093FF14}.Release|Any CPU.ActiveCfg = Release|Any CPU
		{03C25C23-39E8-4719-BB1D-FD8A7093FF14}.Release|Any CPU.Build.0 = Release|Any CPU
		{8D9C4FDB-45DD-4243-A158-644E93571EF7}.Debug|Any CPU.ActiveCfg = Debug|Any CPU
		{8D9C4FDB-45DD-4243-A158-644E93571EF7}.Debug|Any CPU.Build.0 = Debug|Any CPU
		{8D9C4FDB-45DD-4243-A158-644E93571EF7}.Release|Any CPU.ActiveCfg = Release|Any CPU
		{8D9C4FDB-45DD-4243-A158-644E93571EF7}.Release|Any CPU.Build.0 = Release|Any CPU
		{9EB9B552-539C-4A33-B23D-376E7EE1026B}.Debug|Any CPU.ActiveCfg = Debug|Any CPU
		{9EB9B552-539C-4A33-B23D-376E7EE1026B}.Debug|Any CPU.Build.0 = Debug|Any CPU
		{9EB9B552-539C-4A33-B23D-376E7EE1026B}.Release|Any CPU.ActiveCfg = Release|Any CPU
		{9EB9B552-539C-4A33-B23D-376E7EE1026B}.Release|Any CPU.Build.0 = Release|Any CPU
		{0F83480C-89C6-4BF1-879E-9EF143DA2552}.Debug|Any CPU.ActiveCfg = Debug|Any CPU
		{0F83480C-89C6-4BF1-879E-9EF143DA2552}.Debug|Any CPU.Build.0 = Debug|Any CPU
		{0F83480C-89C6-4BF1-879E-9EF143DA2552}.Release|Any CPU.ActiveCfg = Release|Any CPU
		{0F83480C-89C6-4BF1-879E-9EF143DA2552}.Release|Any CPU.Build.0 = Release|Any CPU
		{232D183B-5D25-45EA-9B20-9CCF8BDA0124}.Debug|Any CPU.ActiveCfg = Debug|Any CPU
		{232D183B-5D25-45EA-9B20-9CCF8BDA0124}.Debug|Any CPU.Build.0 = Debug|Any CPU
		{232D183B-5D25-45EA-9B20-9CCF8BDA0124}.Release|Any CPU.ActiveCfg = Release|Any CPU
		{232D183B-5D25-45EA-9B20-9CCF8BDA0124}.Release|Any CPU.Build.0 = Release|Any CPU
		{1C16483E-EE57-4937-BF9C-F918FDEB4C13}.Debug|Any CPU.ActiveCfg = Debug|Any CPU
		{1C16483E-EE57-4937-BF9C-F918FDEB4C13}.Debug|Any CPU.Build.0 = Debug|Any CPU
		{1C16483E-EE57-4937-BF9C-F918FDEB4C13}.Release|Any CPU.ActiveCfg = Release|Any CPU
		{1C16483E-EE57-4937-BF9C-F918FDEB4C13}.Release|Any CPU.Build.0 = Release|Any CPU
		{11F3C4E5-B561-41E1-AAF9-BE3747E8E5DA}.Debug|Any CPU.ActiveCfg = Debug|Any CPU
		{11F3C4E5-B561-41E1-AAF9-BE3747E8E5DA}.Debug|Any CPU.Build.0 = Debug|Any CPU
		{11F3C4E5-B561-41E1-AAF9-BE3747E8E5DA}.Release|Any CPU.ActiveCfg = Release|Any CPU
		{11F3C4E5-B561-41E1-AAF9-BE3747E8E5DA}.Release|Any CPU.Build.0 = Release|Any CPU
		{C7EDA01E-B1A0-4735-8364-7BBD94593A79}.Debug|Any CPU.ActiveCfg = Debug|Any CPU
		{C7EDA01E-B1A0-4735-8364-7BBD94593A79}.Debug|Any CPU.Build.0 = Debug|Any CPU
		{C7EDA01E-B1A0-4735-8364-7BBD94593A79}.Release|Any CPU.ActiveCfg = Release|Any CPU
		{C7EDA01E-B1A0-4735-8364-7BBD94593A79}.Release|Any CPU.Build.0 = Release|Any CPU
		{B0543122-A510-424E-8CB1-CD27BCBA822A}.Debug|Any CPU.ActiveCfg = Debug|Any CPU
		{B0543122-A510-424E-8CB1-CD27BCBA822A}.Debug|Any CPU.Build.0 = Debug|Any CPU
		{B0543122-A510-424E-8CB1-CD27BCBA822A}.Release|Any CPU.ActiveCfg = Release|Any CPU
		{B0543122-A510-424E-8CB1-CD27BCBA822A}.Release|Any CPU.Build.0 = Release|Any CPU
		{E3B1A0F2-250A-4649-8E73-5411282A1895}.Debug|Any CPU.ActiveCfg = Debug|Any CPU
		{E3B1A0F2-250A-4649-8E73-5411282A1895}.Debug|Any CPU.Build.0 = Debug|Any CPU
		{E3B1A0F2-250A-4649-8E73-5411282A1895}.Release|Any CPU.ActiveCfg = Release|Any CPU
		{E3B1A0F2-250A-4649-8E73-5411282A1895}.Release|Any CPU.Build.0 = Release|Any CPU
		{FED077DC-6056-4E92-AD24-3F7173165BFB}.Debug|Any CPU.ActiveCfg = Debug|Any CPU
		{FED077DC-6056-4E92-AD24-3F7173165BFB}.Debug|Any CPU.Build.0 = Debug|Any CPU
		{FED077DC-6056-4E92-AD24-3F7173165BFB}.Release|Any CPU.ActiveCfg = Release|Any CPU
		{FED077DC-6056-4E92-AD24-3F7173165BFB}.Release|Any CPU.Build.0 = Release|Any CPU
	EndGlobalSection
	GlobalSection(SolutionProperties) = preSolution
		HideSolutionNode = FALSE
	EndGlobalSection
	GlobalSection(NestedProjects) = preSolution
		{D9952C27-8904-47C0-84F4-C7BD352C9127} = {E94E4746-06AC-457C-8407-642FA4F455D5}
		{BBF476D4-A3F9-4F32-AE67-905F82569E9A} = {D9952C27-8904-47C0-84F4-C7BD352C9127}
		{BCE6007F-AB01-49DE-95E8-C95211A3A144} = {E94E4746-06AC-457C-8407-642FA4F455D5}
		{ED7313DF-CF57-4F29-B7E9-5A35BD008660} = {E94E4746-06AC-457C-8407-642FA4F455D5}
		{17F326AA-0123-4F28-8DDC-C7EC7DC4F0B0} = {ED7313DF-CF57-4F29-B7E9-5A35BD008660}
		{F2509525-3234-4073-B1F1-1799ABE7EA9D} = {E94E4746-06AC-457C-8407-642FA4F455D5}
		{F3F4920C-8013-46E9-806D-531537FB66FB} = {F2509525-3234-4073-B1F1-1799ABE7EA9D}
		{2E1AC336-F064-4686-820F-8438D37B61C1} = {E94E4746-06AC-457C-8407-642FA4F455D5}
		{62271BC5-CF58-4888-A228-B2C794844A24} = {2E1AC336-F064-4686-820F-8438D37B61C1}
		{58E768E5-0AC2-45A0-8F70-163043D78B33} = {2E1AC336-F064-4686-820F-8438D37B61C1}
		{0F774998-0D3F-4611-B406-4A7B4AA839DE} = {E94E4746-06AC-457C-8407-642FA4F455D5}
		{B8EC7D9C-B4E2-415C-899B-C968340204D9} = {0F774998-0D3F-4611-B406-4A7B4AA839DE}
		{9FAB8497-6D7E-4885-B50A-DF866F77325F} = {E94E4746-06AC-457C-8407-642FA4F455D5}
		{609E0623-B663-4BCC-83F7-B90A65920CB9} = {9FAB8497-6D7E-4885-B50A-DF866F77325F}
		{03E8492E-F7A5-41A0-A2CF-92D72E36046E} = {E94E4746-06AC-457C-8407-642FA4F455D5}
		{41A042F4-E24F-4175-A315-71A3248D84B8} = {03E8492E-F7A5-41A0-A2CF-92D72E36046E}
		{DEFA191D-1499-404C-A0A8-5A37D813B157} = {F1345AAA-00AB-4BFE-ABBC-E9605FCB082F}
		{4BAB70DD-368A-4390-8594-7E287B1E473B} = {F1345AAA-00AB-4BFE-ABBC-E9605FCB082F}
		{33A021B4-08B6-49BB-B319-CE953E143DE4} = {F1345AAA-00AB-4BFE-ABBC-E9605FCB082F}
		{9CA0086C-D0D5-473D-8D48-DCDCE8FD17EC} = {F1345AAA-00AB-4BFE-ABBC-E9605FCB082F}
		{A0545EC4-6C93-4DAD-9785-9CD6B7B5A8D8} = {DEFA191D-1499-404C-A0A8-5A37D813B157}
		{C92A8812-8616-4717-B61A-A6C3F0F5FF0C} = {4BAB70DD-368A-4390-8594-7E287B1E473B}
		{FA1EDB62-584F-4B22-A079-11A75131E934} = {4BAB70DD-368A-4390-8594-7E287B1E473B}
		{E8E7CD3E-57E8-4E24-ABCD-BC6DC28B2EED} = {33A021B4-08B6-49BB-B319-CE953E143DE4}
		{F2C6D1CB-1D17-4152-9B0F-E69832A88956} = {9CA0086C-D0D5-473D-8D48-DCDCE8FD17EC}
		{77C0667F-DCE8-4488-96C2-F968B22A8423} = {E94E4746-06AC-457C-8407-642FA4F455D5}
		{75EA162D-D21B-4364-86E7-C67A0DBD913C} = {9CA0086C-D0D5-473D-8D48-DCDCE8FD17EC}
		{4E89AA5E-65F1-4D6C-848C-630FAED6C68E} = {9CA0086C-D0D5-473D-8D48-DCDCE8FD17EC}
		{51C853E4-D2B8-45ED-BEE4-93B91AE56CD0} = {E94E4746-06AC-457C-8407-642FA4F455D5}
		{F7251778-B61B-46F6-8967-A7D640F329A8} = {E94E4746-06AC-457C-8407-642FA4F455D5}
		{7FAD3816-698D-4BF5-AC5C-E488C4A9E371} = {F1345AAA-00AB-4BFE-ABBC-E9605FCB082F}
		{191D7A0F-2F20-4EA6-9E73-1B3BB6146194} = {E94E4746-06AC-457C-8407-642FA4F455D5}
		{7426B905-23D4-4A2B-8EC8-2EF171816947} = {77C0667F-DCE8-4488-96C2-F968B22A8423}
		{47778021-8443-40C7-B07F-524AF00D9167} = {77C0667F-DCE8-4488-96C2-F968B22A8423}
		{AF9DD03E-3440-4180-B310-E1D7FD5F67B5} = {77C0667F-DCE8-4488-96C2-F968B22A8423}
		{3AC20402-A269-4C31-B9E7-CC6D4CED01BF} = {51C853E4-D2B8-45ED-BEE4-93B91AE56CD0}
		{DF8EA248-9406-4803-A8E1-C32E66DF25CD} = {51C853E4-D2B8-45ED-BEE4-93B91AE56CD0}
		{3852B1A0-61E2-45F7-A55F-5BEF00D5291C} = {F7251778-B61B-46F6-8967-A7D640F329A8}
		{C2D83EFB-DA89-420E-8EAC-9547354A05E1} = {F7251778-B61B-46F6-8967-A7D640F329A8}
		{3834139B-1EFF-46B1-963C-29BC98AFB7AB} = {F7251778-B61B-46F6-8967-A7D640F329A8}
		{0A9F745E-502C-41E0-A0B6-55F3A5EEED6A} = {F7251778-B61B-46F6-8967-A7D640F329A8}
		{42D599D1-2C0B-43FE-B7F3-AD69678F7D16} = {7FAD3816-698D-4BF5-AC5C-E488C4A9E371}
		{5B2A2B36-C9C7-4BE4-A171-D72695C879DF} = {191D7A0F-2F20-4EA6-9E73-1B3BB6146194}
		{6B38DAB1-56F9-4A65-9165-90F3CBAFC3A9} = {191D7A0F-2F20-4EA6-9E73-1B3BB6146194}
		{FCE555DB-8190-4EA9-A450-B4893C0898F2} = {191D7A0F-2F20-4EA6-9E73-1B3BB6146194}
		{F2BA8E1B-9C48-4961-AE7B-583A8667A490} = {E94E4746-06AC-457C-8407-642FA4F455D5}
		{6877328B-2BEB-43C5-A5C9-02E60F1B192D} = {E94E4746-06AC-457C-8407-642FA4F455D5}
		{73E2B6C8-197C-4058-88A3-E5EBB8414079} = {F2BA8E1B-9C48-4961-AE7B-583A8667A490}
		{03C25C23-39E8-4719-BB1D-FD8A7093FF14} = {F2BA8E1B-9C48-4961-AE7B-583A8667A490}
		{8D9C4FDB-45DD-4243-A158-644E93571EF7} = {F2BA8E1B-9C48-4961-AE7B-583A8667A490}
		{9EB9B552-539C-4A33-B23D-376E7EE1026B} = {6877328B-2BEB-43C5-A5C9-02E60F1B192D}
		{0F83480C-89C6-4BF1-879E-9EF143DA2552} = {6877328B-2BEB-43C5-A5C9-02E60F1B192D}
		{232D183B-5D25-45EA-9B20-9CCF8BDA0124} = {6877328B-2BEB-43C5-A5C9-02E60F1B192D}
		{8BD3EE50-FCA9-4999-A4A2-AD5FAB5A28DE} = {F1345AAA-00AB-4BFE-ABBC-E9605FCB082F}
		{1C16483E-EE57-4937-BF9C-F918FDEB4C13} = {7FAD3816-698D-4BF5-AC5C-E488C4A9E371}
		{11F3C4E5-B561-41E1-AAF9-BE3747E8E5DA} = {7FAD3816-698D-4BF5-AC5C-E488C4A9E371}
		{C7EDA01E-B1A0-4735-8364-7BBD94593A79} = {7FAD3816-698D-4BF5-AC5C-E488C4A9E371}
		{B0543122-A510-424E-8CB1-CD27BCBA822A} = {7FAD3816-698D-4BF5-AC5C-E488C4A9E371}
		{E3B1A0F2-250A-4649-8E73-5411282A1895} = {8BD3EE50-FCA9-4999-A4A2-AD5FAB5A28DE}
		{FED077DC-6056-4E92-AD24-3F7173165BFB} = {8BD3EE50-FCA9-4999-A4A2-AD5FAB5A28DE}
	EndGlobalSection
	GlobalSection(ExtensibilityGlobals) = postSolution
		SolutionGuid = {5C6A28B7-31EC-4A6F-BF02-BDC05DE7C69C}
	EndGlobalSection
EndGlobal
