
Microsoft Visual Studio Solution File, Format Version 12.00
# Visual Studio 15
VisualStudioVersion = 15.0.28010.2041
MinimumVisualStudioVersion = 10.0.40219.1
Project("{2150E333-8FDC-42A3-9474-1A3956D46DE8}") = "Class Work", "Class Work", "{E94E4746-06AC-457C-8407-642FA4F455D5}"
EndProject
Project("{2150E333-8FDC-42A3-9474-1A3956D46DE8}") = "Lecture 01 - Overview", "Lecture 01 - Overview", "{D9952C27-8904-47C0-84F4-C7BD352C9127}"
EndProject
Project("{FAE04EC0-301F-11D3-BF4B-00C04F79EFBC}") = "HelloWorld", "Class Work\Lecture 01 - Overview\HelloWorld\HelloWorld.csproj", "{BBF476D4-A3F9-4F32-AE67-905F82569E9A}"
EndProject
Project("{2150E333-8FDC-42A3-9474-1A3956D46DE8}") = "Lecture 02 - Types", "Lecture 02 - Types", "{BCE6007F-AB01-49DE-95E8-C95211A3A144}"
EndProject
Project("{2150E333-8FDC-42A3-9474-1A3956D46DE8}") = "Lecture 03 - Strings", "Lecture 03 - Strings", "{ED7313DF-CF57-4F29-B7E9-5A35BD008660}"
EndProject
Project("{FAE04EC0-301F-11D3-BF4B-00C04F79EFBC}") = "StringCreation", "Class Work\Lecture 03 - Strings\StringCreation\StringCreation.csproj", "{17F326AA-0123-4F28-8DDC-C7EC7DC4F0B0}"
EndProject
Project("{2150E333-8FDC-42A3-9474-1A3956D46DE8}") = "Lecture 04 - Conditional Statements and Loops", "Lecture 04 - Conditional Statements and Loops", "{F2509525-3234-4073-B1F1-1799ABE7EA9D}"
EndProject
Project("{FAE04EC0-301F-11D3-BF4B-00C04F79EFBC}") = "Cycles", "Class Work\Lecture 04 - Conditional Statements and Loops\Cycles\Cycles.csproj", "{F3F4920C-8013-46E9-806D-531537FB66FB}"
EndProject
Project("{2150E333-8FDC-42A3-9474-1A3956D46DE8}") = "Lecture 05 - Collections", "Lecture 05 - Collections", "{2E1AC336-F064-4686-820F-8438D37B61C1}"
EndProject
Project("{FAE04EC0-301F-11D3-BF4B-00C04F79EFBC}") = "Arrays", "Class Work\Lecture 05 - Collections\Arrays\Arrays.csproj", "{62271BC5-CF58-4888-A228-B2C794844A24}"
EndProject
Project("{FAE04EC0-301F-11D3-BF4B-00C04F79EFBC}") = "StructSample", "Class Work\Lecture 05 - Collections\StructSample\StructSample.csproj", "{58E768E5-0AC2-45A0-8F70-163043D78B33}"
EndProject
Project("{2150E333-8FDC-42A3-9474-1A3956D46DE8}") = "Lecture 06 - Chess POC (Part 1)", "Lecture 06 - Chess POC (Part 1)", "{0F774998-0D3F-4611-B406-4A7B4AA839DE}"
EndProject
Project("{FAE04EC0-301F-11D3-BF4B-00C04F79EFBC}") = "ChessPOC-WorkInClass", "Class Work\Lecture 06 - Chess POC (Part 1)\ChessPOC\ChessPOC-WorkInClass.csproj", "{B8EC7D9C-B4E2-415C-899B-C968340204D9}"
EndProject
Project("{2150E333-8FDC-42A3-9474-1A3956D46DE8}") = "Lecture 07 - Chess POC (Part 2)", "Lecture 07 - Chess POC (Part 2)", "{9FAB8497-6D7E-4885-B50A-DF866F77325F}"
EndProject
Project("{FAE04EC0-301F-11D3-BF4B-00C04F79EFBC}") = "ChessPOC-WorkInClass-Part2", "Class Work\Lecture 07 - Chess POC (Part 2)\ChessPOC-WorkInClass-Part2\ChessPOC-WorkInClass-Part2.csproj", "{609E0623-B663-4BCC-83F7-B90A65920CB9}"
EndProject
Project("{2150E333-8FDC-42A3-9474-1A3956D46DE8}") = "Lecture 08 - Classes and Objects", "Lecture 08 - Classes and Objects", "{03E8492E-F7A5-41A0-A2CF-92D72E36046E}"
EndProject
Project("{FAE04EC0-301F-11D3-BF4B-00C04F79EFBC}") = "ClassesAndObjects", "Class Work\Lecture 08 - Classes and Objects\Classes\ClassesAndObjects.csproj", "{41A042F4-E24F-4175-A315-71A3248D84B8}"
EndProject
Project("{2150E333-8FDC-42A3-9474-1A3956D46DE8}") = "Home Work", "Home Work", "{F1345AAA-00AB-4BFE-ABBC-E9605FCB082F}"
EndProject
Project("{2150E333-8FDC-42A3-9474-1A3956D46DE8}") = "Home Work 01", "Home Work 01", "{DEFA191D-1499-404C-A0A8-5A37D813B157}"
EndProject
Project("{2150E333-8FDC-42A3-9474-1A3956D46DE8}") = "Home Work 02", "Home Work 02", "{4BAB70DD-368A-4390-8594-7E287B1E473B}"
EndProject
Project("{2150E333-8FDC-42A3-9474-1A3956D46DE8}") = "Home Work 03", "Home Work 03", "{33A021B4-08B6-49BB-B319-CE953E143DE4}"
EndProject
Project("{2150E333-8FDC-42A3-9474-1A3956D46DE8}") = "Home Work 04", "Home Work 04", "{9CA0086C-D0D5-473D-8D48-DCDCE8FD17EC}"
EndProject
Project("{FAE04EC0-301F-11D3-BF4B-00C04F79EFBC}") = "CSharp-HomeWork-01", "Home Work\Home Work 01\CSharp-HomeWork-01\CSharp-HomeWork-01.csproj", "{A0545EC4-6C93-4DAD-9785-9CD6B7B5A8D8}"
EndProject
Project("{FAE04EC0-301F-11D3-BF4B-00C04F79EFBC}") = "CSharp-HomeWork-02 v1", "Home Work\Home Work 02\CSharp-HomeWork-02\CSharp-HomeWork-02 v1.csproj", "{C92A8812-8616-4717-B61A-A6C3F0F5FF0C}"
EndProject
Project("{FAE04EC0-301F-11D3-BF4B-00C04F79EFBC}") = "CSharp-HomeWork-02 v2", "Home Work\Home Work 02\CSharp-HomeWork-02 v2\CSharp-HomeWork-02 v2.csproj", "{FA1EDB62-584F-4B22-A079-11A75131E934}"
EndProject
Project("{FAE04EC0-301F-11D3-BF4B-00C04F79EFBC}") = "CSharp-ChessHomeWork", "Home Work\Home Work 03\Chess\CSharp-ChessHomeWork.csproj", "{E8E7CD3E-57E8-4E24-ABCD-BC6DC28B2EED}"
EndProject
Project("{FAE04EC0-301F-11D3-BF4B-00C04F79EFBC}") = "HomeWorkObjects", "Home Work\Home Work 04\HomeWorkObjects\HomeWorkObjects.csproj", "{F2C6D1CB-1D17-4152-9B0F-E69832A88956}"
EndProject
Global
	GlobalSection(SolutionConfigurationPlatforms) = preSolution
		Debug|Any CPU = Debug|Any CPU
		Release|Any CPU = Release|Any CPU
	EndGlobalSection
	GlobalSection(ProjectConfigurationPlatforms) = postSolution
		{BBF476D4-A3F9-4F32-AE67-905F82569E9A}.Debug|Any CPU.ActiveCfg = Debug|Any CPU
		{BBF476D4-A3F9-4F32-AE67-905F82569E9A}.Debug|Any CPU.Build.0 = Debug|Any CPU
		{BBF476D4-A3F9-4F32-AE67-905F82569E9A}.Release|Any CPU.ActiveCfg = Release|Any CPU
		{BBF476D4-A3F9-4F32-AE67-905F82569E9A}.Release|Any CPU.Build.0 = Release|Any CPU
		{17F326AA-0123-4F28-8DDC-C7EC7DC4F0B0}.Debug|Any CPU.ActiveCfg = Debug|Any CPU
		{17F326AA-0123-4F28-8DDC-C7EC7DC4F0B0}.Debug|Any CPU.Build.0 = Debug|Any CPU
		{17F326AA-0123-4F28-8DDC-C7EC7DC4F0B0}.Release|Any CPU.ActiveCfg = Release|Any CPU
		{17F326AA-0123-4F28-8DDC-C7EC7DC4F0B0}.Release|Any CPU.Build.0 = Release|Any CPU
		{F3F4920C-8013-46E9-806D-531537FB66FB}.Debug|Any CPU.ActiveCfg = Debug|Any CPU
		{F3F4920C-8013-46E9-806D-531537FB66FB}.Debug|Any CPU.Build.0 = Debug|Any CPU
		{F3F4920C-8013-46E9-806D-531537FB66FB}.Release|Any CPU.ActiveCfg = Release|Any CPU
		{F3F4920C-8013-46E9-806D-531537FB66FB}.Release|Any CPU.Build.0 = Release|Any CPU
		{62271BC5-CF58-4888-A228-B2C794844A24}.Debug|Any CPU.ActiveCfg = Debug|Any CPU
		{62271BC5-CF58-4888-A228-B2C794844A24}.Debug|Any CPU.Build.0 = Debug|Any CPU
		{62271BC5-CF58-4888-A228-B2C794844A24}.Release|Any CPU.ActiveCfg = Release|Any CPU
		{62271BC5-CF58-4888-A228-B2C794844A24}.Release|Any CPU.Build.0 = Release|Any CPU
		{58E768E5-0AC2-45A0-8F70-163043D78B33}.Debug|Any CPU.ActiveCfg = Debug|Any CPU
		{58E768E5-0AC2-45A0-8F70-163043D78B33}.Debug|Any CPU.Build.0 = Debug|Any CPU
		{58E768E5-0AC2-45A0-8F70-163043D78B33}.Release|Any CPU.ActiveCfg = Release|Any CPU
		{58E768E5-0AC2-45A0-8F70-163043D78B33}.Release|Any CPU.Build.0 = Release|Any CPU
		{B8EC7D9C-B4E2-415C-899B-C968340204D9}.Debug|Any CPU.ActiveCfg = Debug|Any CPU
		{B8EC7D9C-B4E2-415C-899B-C968340204D9}.Debug|Any CPU.Build.0 = Debug|Any CPU
		{B8EC7D9C-B4E2-415C-899B-C968340204D9}.Release|Any CPU.ActiveCfg = Release|Any CPU
		{B8EC7D9C-B4E2-415C-899B-C968340204D9}.Release|Any CPU.Build.0 = Release|Any CPU
		{609E0623-B663-4BCC-83F7-B90A65920CB9}.Debug|Any CPU.ActiveCfg = Debug|Any CPU
		{609E0623-B663-4BCC-83F7-B90A65920CB9}.Debug|Any CPU.Build.0 = Debug|Any CPU
		{609E0623-B663-4BCC-83F7-B90A65920CB9}.Release|Any CPU.ActiveCfg = Release|Any CPU
		{609E0623-B663-4BCC-83F7-B90A65920CB9}.Release|Any CPU.Build.0 = Release|Any CPU
		{41A042F4-E24F-4175-A315-71A3248D84B8}.Debug|Any CPU.ActiveCfg = Debug|Any CPU
		{41A042F4-E24F-4175-A315-71A3248D84B8}.Debug|Any CPU.Build.0 = Debug|Any CPU
		{41A042F4-E24F-4175-A315-71A3248D84B8}.Release|Any CPU.ActiveCfg = Release|Any CPU
		{41A042F4-E24F-4175-A315-71A3248D84B8}.Release|Any CPU.Build.0 = Release|Any CPU
		{A0545EC4-6C93-4DAD-9785-9CD6B7B5A8D8}.Debug|Any CPU.ActiveCfg = Debug|Any CPU
		{A0545EC4-6C93-4DAD-9785-9CD6B7B5A8D8}.Debug|Any CPU.Build.0 = Debug|Any CPU
		{A0545EC4-6C93-4DAD-9785-9CD6B7B5A8D8}.Release|Any CPU.ActiveCfg = Release|Any CPU
		{A0545EC4-6C93-4DAD-9785-9CD6B7B5A8D8}.Release|Any CPU.Build.0 = Release|Any CPU
		{C92A8812-8616-4717-B61A-A6C3F0F5FF0C}.Debug|Any CPU.ActiveCfg = Debug|Any CPU
		{C92A8812-8616-4717-B61A-A6C3F0F5FF0C}.Debug|Any CPU.Build.0 = Debug|Any CPU
		{C92A8812-8616-4717-B61A-A6C3F0F5FF0C}.Release|Any CPU.ActiveCfg = Release|Any CPU
		{C92A8812-8616-4717-B61A-A6C3F0F5FF0C}.Release|Any CPU.Build.0 = Release|Any CPU
		{FA1EDB62-584F-4B22-A079-11A75131E934}.Debug|Any CPU.ActiveCfg = Debug|Any CPU
		{FA1EDB62-584F-4B22-A079-11A75131E934}.Debug|Any CPU.Build.0 = Debug|Any CPU
		{FA1EDB62-584F-4B22-A079-11A75131E934}.Release|Any CPU.ActiveCfg = Release|Any CPU
		{FA1EDB62-584F-4B22-A079-11A75131E934}.Release|Any CPU.Build.0 = Release|Any CPU
		{E8E7CD3E-57E8-4E24-ABCD-BC6DC28B2EED}.Debug|Any CPU.ActiveCfg = Debug|Any CPU
		{E8E7CD3E-57E8-4E24-ABCD-BC6DC28B2EED}.Debug|Any CPU.Build.0 = Debug|Any CPU
		{E8E7CD3E-57E8-4E24-ABCD-BC6DC28B2EED}.Release|Any CPU.ActiveCfg = Release|Any CPU
		{E8E7CD3E-57E8-4E24-ABCD-BC6DC28B2EED}.Release|Any CPU.Build.0 = Release|Any CPU
		{F2C6D1CB-1D17-4152-9B0F-E69832A88956}.Debug|Any CPU.ActiveCfg = Debug|Any CPU
		{F2C6D1CB-1D17-4152-9B0F-E69832A88956}.Debug|Any CPU.Build.0 = Debug|Any CPU
		{F2C6D1CB-1D17-4152-9B0F-E69832A88956}.Release|Any CPU.ActiveCfg = Release|Any CPU
		{F2C6D1CB-1D17-4152-9B0F-E69832A88956}.Release|Any CPU.Build.0 = Release|Any CPU
	EndGlobalSection
	GlobalSection(SolutionProperties) = preSolution
		HideSolutionNode = FALSE
	EndGlobalSection
	GlobalSection(NestedProjects) = preSolution
		{D9952C27-8904-47C0-84F4-C7BD352C9127} = {E94E4746-06AC-457C-8407-642FA4F455D5}
		{BBF476D4-A3F9-4F32-AE67-905F82569E9A} = {D9952C27-8904-47C0-84F4-C7BD352C9127}
		{BCE6007F-AB01-49DE-95E8-C95211A3A144} = {E94E4746-06AC-457C-8407-642FA4F455D5}
		{ED7313DF-CF57-4F29-B7E9-5A35BD008660} = {E94E4746-06AC-457C-8407-642FA4F455D5}
		{17F326AA-0123-4F28-8DDC-C7EC7DC4F0B0} = {ED7313DF-CF57-4F29-B7E9-5A35BD008660}
		{F2509525-3234-4073-B1F1-1799ABE7EA9D} = {E94E4746-06AC-457C-8407-642FA4F455D5}
		{F3F4920C-8013-46E9-806D-531537FB66FB} = {F2509525-3234-4073-B1F1-1799ABE7EA9D}
		{2E1AC336-F064-4686-820F-8438D37B61C1} = {E94E4746-06AC-457C-8407-642FA4F455D5}
		{62271BC5-CF58-4888-A228-B2C794844A24} = {2E1AC336-F064-4686-820F-8438D37B61C1}
		{58E768E5-0AC2-45A0-8F70-163043D78B33} = {2E1AC336-F064-4686-820F-8438D37B61C1}
		{0F774998-0D3F-4611-B406-4A7B4AA839DE} = {E94E4746-06AC-457C-8407-642FA4F455D5}
		{B8EC7D9C-B4E2-415C-899B-C968340204D9} = {0F774998-0D3F-4611-B406-4A7B4AA839DE}
		{9FAB8497-6D7E-4885-B50A-DF866F77325F} = {E94E4746-06AC-457C-8407-642FA4F455D5}
		{609E0623-B663-4BCC-83F7-B90A65920CB9} = {9FAB8497-6D7E-4885-B50A-DF866F77325F}
		{03E8492E-F7A5-41A0-A2CF-92D72E36046E} = {E94E4746-06AC-457C-8407-642FA4F455D5}
		{41A042F4-E24F-4175-A315-71A3248D84B8} = {03E8492E-F7A5-41A0-A2CF-92D72E36046E}
		{DEFA191D-1499-404C-A0A8-5A37D813B157} = {F1345AAA-00AB-4BFE-ABBC-E9605FCB082F}
		{4BAB70DD-368A-4390-8594-7E287B1E473B} = {F1345AAA-00AB-4BFE-ABBC-E9605FCB082F}
		{33A021B4-08B6-49BB-B319-CE953E143DE4} = {F1345AAA-00AB-4BFE-ABBC-E9605FCB082F}
		{9CA0086C-D0D5-473D-8D48-DCDCE8FD17EC} = {F1345AAA-00AB-4BFE-ABBC-E9605FCB082F}
		{A0545EC4-6C93-4DAD-9785-9CD6B7B5A8D8} = {DEFA191D-1499-404C-A0A8-5A37D813B157}
		{C92A8812-8616-4717-B61A-A6C3F0F5FF0C} = {4BAB70DD-368A-4390-8594-7E287B1E473B}
		{FA1EDB62-584F-4B22-A079-11A75131E934} = {4BAB70DD-368A-4390-8594-7E287B1E473B}
		{E8E7CD3E-57E8-4E24-ABCD-BC6DC28B2EED} = {33A021B4-08B6-49BB-B319-CE953E143DE4}
		{F2C6D1CB-1D17-4152-9B0F-E69832A88956} = {9CA0086C-D0D5-473D-8D48-DCDCE8FD17EC}
	EndGlobalSection
	GlobalSection(ExtensibilityGlobals) = postSolution
		SolutionGuid = {5C6A28B7-31EC-4A6F-BF02-BDC05DE7C69C}
	EndGlobalSection
EndGlobal
